// !$*UTF8*$!
{
	archiveVersion = 1;
	classes = {
	};
	objectVersion = 50;
	objects = {

/* Begin PBXBuildFile section */
		6C4500B821F19DEB0011E7DF /* AppDelegate.m in Sources */ = {isa = PBXBuildFile; fileRef = 6C4500B721F19DEB0011E7DF /* AppDelegate.m */; };
		6C4500BB21F19DEB0011E7DF /* ViewController.m in Sources */ = {isa = PBXBuildFile; fileRef = 6C4500BA21F19DEB0011E7DF /* ViewController.m */; };
		6C4500BE21F19DEB0011E7DF /* Main.storyboard in Resources */ = {isa = PBXBuildFile; fileRef = 6C4500BC21F19DEB0011E7DF /* Main.storyboard */; };
		6C4500C021F19DEC0011E7DF /* Assets.xcassets in Resources */ = {isa = PBXBuildFile; fileRef = 6C4500BF21F19DEC0011E7DF /* Assets.xcassets */; };
		6C4500C321F19DEC0011E7DF /* LaunchScreen.storyboard in Resources */ = {isa = PBXBuildFile; fileRef = 6C4500C121F19DEC0011E7DF /* LaunchScreen.storyboard */; };
		6C4500C621F19DEC0011E7DF /* main.m in Sources */ = {isa = PBXBuildFile; fileRef = 6C4500C521F19DEC0011E7DF /* main.m */; };
		6C4500CE21F19E120011E7DF /* ToolObj.m in Sources */ = {isa = PBXBuildFile; fileRef = 6C4500CD21F19E120011E7DF /* ToolObj.m */; };
		6C4500D121F1A4000011E7DF /* ToolSwift.swift in Sources */ = {isa = PBXBuildFile; fileRef = 6C4500D021F1A4000011E7DF /* ToolSwift.swift */; };
		6C80FAE521F1A5DA00DC6148 /* Model.m in Sources */ = {isa = PBXBuildFile; fileRef = 6C80FAE421F1A5DA00DC6148 /* Model.m */; };
/* End PBXBuildFile section */

/* Begin PBXFileReference section */
		6C4500B321F19DEB0011E7DF /* ObjectP.app */ = {isa = PBXFileReference; explicitFileType = wrapper.application; includeInIndex = 0; path = ObjectP.app; sourceTree = BUILT_PRODUCTS_DIR; };
		6C4500B621F19DEB0011E7DF /* AppDelegate.h */ = {isa = PBXFileReference; lastKnownFileType = sourcecode.c.h; path = AppDelegate.h; sourceTree = "<group>"; };
		6C4500B721F19DEB0011E7DF /* AppDelegate.m */ = {isa = PBXFileReference; lastKnownFileType = sourcecode.c.objc; path = AppDelegate.m; sourceTree = "<group>"; };
		6C4500B921F19DEB0011E7DF /* ViewController.h */ = {isa = PBXFileReference; lastKnownFileType = sourcecode.c.h; path = ViewController.h; sourceTree = "<group>"; };
		6C4500BA21F19DEB0011E7DF /* ViewController.m */ = {isa = PBXFileReference; lastKnownFileType = sourcecode.c.objc; path = ViewController.m; sourceTree = "<group>"; };
		6C4500BD21F19DEB0011E7DF /* Base */ = {isa = PBXFileReference; lastKnownFileType = file.storyboard; name = Base; path = Base.lproj/Main.storyboard; sourceTree = "<group>"; };
		6C4500BF21F19DEC0011E7DF /* Assets.xcassets */ = {isa = PBXFileReference; lastKnownFileType = folder.assetcatalog; path = Assets.xcassets; sourceTree = "<group>"; };
		6C4500C221F19DEC0011E7DF /* Base */ = {isa = PBXFileReference; lastKnownFileType = file.storyboard; name = Base; path = Base.lproj/LaunchScreen.storyboard; sourceTree = "<group>"; };
		6C4500C421F19DEC0011E7DF /* Info.plist */ = {isa = PBXFileReference; lastKnownFileType = text.plist.xml; path = Info.plist; sourceTree = "<group>"; };
		6C4500C521F19DEC0011E7DF /* main.m */ = {isa = PBXFileReference; lastKnownFileType = sourcecode.c.objc; path = main.m; sourceTree = "<group>"; };
		6C4500CC21F19E120011E7DF /* ToolObj.h */ = {isa = PBXFileReference; lastKnownFileType = sourcecode.c.h; path = ToolObj.h; sourceTree = "<group>"; };
		6C4500CD21F19E120011E7DF /* ToolObj.m */ = {isa = PBXFileReference; lastKnownFileType = sourcecode.c.objc; path = ToolObj.m; sourceTree = "<group>"; };
		6C4500CF21F1A4000011E7DF /* ObjectP-Bridging-Header.h */ = {isa = PBXFileReference; lastKnownFileType = sourcecode.c.h; path = "ObjectP-Bridging-Header.h"; sourceTree = "<group>"; };
		6C4500D021F1A4000011E7DF /* ToolSwift.swift */ = {isa = PBXFileReference; lastKnownFileType = sourcecode.swift; path = ToolSwift.swift; sourceTree = "<group>"; };
		6C80FAE321F1A5DA00DC6148 /* Model.h */ = {isa = PBXFileReference; lastKnownFileType = sourcecode.c.h; path = Model.h; sourceTree = "<group>"; };
		6C80FAE421F1A5DA00DC6148 /* Model.m */ = {isa = PBXFileReference; lastKnownFileType = sourcecode.c.objc; path = Model.m; sourceTree = "<group>"; };
/* End PBXFileReference section */

/* Begin PBXFrameworksBuildPhase section */
		6C4500B021F19DEB0011E7DF /* Frameworks */ = {
			isa = PBXFrameworksBuildPhase;
			buildActionMask = 2147483647;
			files = (
			);
			runOnlyForDeploymentPostprocessing = 0;
		};
/* End PBXFrameworksBuildPhase section */

/* Begin PBXGroup section */
		6C4500AA21F19DEB0011E7DF = {
			isa = PBXGroup;
			children = (
				6C4500B521F19DEB0011E7DF /* ObjectP */,
				6C4500B421F19DEB0011E7DF /* Products */,
			);
			sourceTree = "<group>";
		};
		6C4500B421F19DEB0011E7DF /* Products */ = {
			isa = PBXGroup;
			children = (
				6C4500B321F19DEB0011E7DF /* ObjectP.app */,
			);
			name = Products;
			sourceTree = "<group>";
		};
		6C4500B521F19DEB0011E7DF /* ObjectP */ = {
			isa = PBXGroup;
			children = (
				6C4500B621F19DEB0011E7DF /* AppDelegate.h */,
				6C4500B721F19DEB0011E7DF /* AppDelegate.m */,
				6C4500B921F19DEB0011E7DF /* ViewController.h */,
				6C4500BA21F19DEB0011E7DF /* ViewController.m */,
				6C4500BC21F19DEB0011E7DF /* Main.storyboard */,
				6C4500BF21F19DEC0011E7DF /* Assets.xcassets */,
				6C4500C121F19DEC0011E7DF /* LaunchScreen.storyboard */,
				6C4500C421F19DEC0011E7DF /* Info.plist */,
				6C4500C521F19DEC0011E7DF /* main.m */,
				6C4500CC21F19E120011E7DF /* ToolObj.h */,
				6C4500CD21F19E120011E7DF /* ToolObj.m */,
				6C4500D021F1A4000011E7DF /* ToolSwift.swift */,
				6C4500CF21F1A4000011E7DF /* ObjectP-Bridging-Header.h */,
				6C80FAE321F1A5DA00DC6148 /* Model.h */,
				6C80FAE421F1A5DA00DC6148 /* Model.m */,
			);
			path = ObjectP;
			sourceTree = "<group>";
		};
/* End PBXGroup section */

/* Begin PBXNativeTarget section */
		6C4500B221F19DEB0011E7DF /* ObjectP */ = {
			isa = PBXNativeTarget;
			buildConfigurationList = 6C4500C921F19DEC0011E7DF /* Build configuration list for PBXNativeTarget "ObjectP" */;
			buildPhases = (
				6C4500AF21F19DEB0011E7DF /* Sources */,
				6C4500B021F19DEB0011E7DF /* Frameworks */,
				6C4500B121F19DEB0011E7DF /* Resources */,
			);
			buildRules = (
			);
			dependencies = (
			);
			name = ObjectP;
			productName = ObjectP;
			productReference = 6C4500B321F19DEB0011E7DF /* ObjectP.app */;
			productType = "com.apple.product-type.application";
		};
/* End PBXNativeTarget section */

/* Begin PBXProject section */
		6C4500AB21F19DEB0011E7DF /* Project object */ = {
			isa = PBXProject;
			attributes = {
				LastUpgradeCheck = 1010;
				ORGANIZATIONNAME = "liu chunhua";
				TargetAttributes = {
					6C4500B221F19DEB0011E7DF = {
						CreatedOnToolsVersion = 10.1;
						LastSwiftMigration = 1010;
					};
				};
			};
			buildConfigurationList = 6C4500AE21F19DEB0011E7DF /* Build configuration list for PBXProject "ObjectP" */;
			compatibilityVersion = "Xcode 9.3";
			developmentRegion = en;
			hasScannedForEncodings = 0;
			knownRegions = (
				en,
				Base,
			);
			mainGroup = 6C4500AA21F19DEB0011E7DF;
			productRefGroup = 6C4500B421F19DEB0011E7DF /* Products */;
			projectDirPath = "";
			projectRoot = "";
			targets = (
				6C4500B221F19DEB0011E7DF /* ObjectP */,
			);
		};
/* End PBXProject section */

/* Begin PBXResourcesBuildPhase section */
		6C4500B121F19DEB0011E7DF /* Resources */ = {
			isa = PBXResourcesBuildPhase;
			buildActionMask = 2147483647;
			files = (
				6C4500C321F19DEC0011E7DF /* LaunchScreen.storyboard in Resources */,
				6C4500C021F19DEC0011E7DF /* Assets.xcassets in Resources */,
				6C4500BE21F19DEB0011E7DF /* Main.storyboard in Resources */,
			);
			runOnlyForDeploymentPostprocessing = 0;
		};
/* End PBXResourcesBuildPhase section */

/* Begin PBXSourcesBuildPhase section */
		6C4500AF21F19DEB0011E7DF /* Sources */ = {
			isa = PBXSourcesBuildPhase;
			buildActionMask = 2147483647;
			files = (
				6C4500BB21F19DEB0011E7DF /* ViewController.m in Sources */,
				6C4500D121F1A4000011E7DF /* ToolSwift.swift in Sources */,
				6C4500CE21F19E120011E7DF /* ToolObj.m in Sources */,
				6C80FAE521F1A5DA00DC6148 /* Model.m in Sources */,
				6C4500C621F19DEC0011E7DF /* main.m in Sources */,
				6C4500B821F19DEB0011E7DF /* AppDelegate.m in Sources */,
			);
			runOnlyForDeploymentPostprocessing = 0;
		};
/* End PBXSourcesBuildPhase section */

/* Begin PBXVariantGroup section */
		6C4500BC21F19DEB0011E7DF /* Main.storyboard */ = {
			isa = PBXVariantGroup;
			children = (
				6C4500BD21F19DEB0011E7DF /* Base */,
			);
			name = Main.storyboard;
			sourceTree = "<group>";
		};
		6C4500C121F19DEC0011E7DF /* LaunchScreen.storyboard */ = {
			isa = PBXVariantGroup;
			children = (
				6C4500C221F19DEC0011E7DF /* Base */,
			);
			name = LaunchScreen.storyboard;
			sourceTree = "<group>";
		};
/* End PBXVariantGroup section */

/* Begin XCBuildConfiguration section */
		6C4500C721F19DEC0011E7DF /* Debug */ = {
			isa = XCBuildConfiguration;
			buildSettings = {
				ALWAYS_SEARCH_USER_PATHS = NO;
				CLANG_ANALYZER_NONNULL = YES;
				CLANG_ANALYZER_NUMBER_OBJECT_CONVERSION = YES_AGGRESSIVE;
				CLANG_CXX_LANGUAGE_STANDARD = "gnu++14";
				CLANG_CXX_LIBRARY = "libc++";
				CLANG_ENABLE_MODULES = YES;
				CLANG_ENABLE_OBJC_ARC = YES;
				CLANG_ENABLE_OBJC_WEAK = YES;
				CLANG_WARN_BLOCK_CAPTURE_AUTORELEASING = YES;
				CLANG_WARN_BOOL_CONVERSION = YES;
				CLANG_WARN_COMMA = YES;
				CLANG_WARN_CONSTANT_CONVERSION = YES;
				CLANG_WARN_DEPRECATED_OBJC_IMPLEMENTATIONS = YES;
				CLANG_WARN_DIRECT_OBJC_ISA_USAGE = YES_ERROR;
				CLANG_WARN_DOCUMENTATION_COMMENTS = YES;
				CLANG_WARN_EMPTY_BODY = YES;
				CLANG_WARN_ENUM_CONVERSION = YES;
				CLANG_WARN_INFINITE_RECURSION = YES;
				CLANG_WARN_INT_CONVERSION = YES;
				CLANG_WARN_NON_LITERAL_NULL_CONVERSION = YES;
				CLANG_WARN_OBJC_IMPLICIT_RETAIN_SELF = YES;
				CLANG_WARN_OBJC_LITERAL_CONVERSION = YES;
				CLANG_WARN_OBJC_ROOT_CLASS = YES_ERROR;
				CLANG_WARN_RANGE_LOOP_ANALYSIS = YES;
				CLANG_WARN_STRICT_PROTOTYPES = YES;
				CLANG_WARN_SUSPICIOUS_MOVE = YES;
				CLANG_WARN_UNGUARDED_AVAILABILITY = YES_AGGRESSIVE;
				CLANG_WARN_UNREACHABLE_CODE = YES;
				CLANG_WARN__DUPLICATE_METHOD_MATCH = YES;
				CODE_SIGN_IDENTITY = "iPhone Developer";
				COPY_PHASE_STRIP = NO;
				DEBUG_INFORMATION_FORMAT = dwarf;
				ENABLE_STRICT_OBJC_MSGSEND = YES;
				ENABLE_TESTABILITY = YES;
				GCC_C_LANGUAGE_STANDARD = gnu11;
				GCC_DYNAMIC_NO_PIC = NO;
				GCC_NO_COMMON_BLOCKS = YES;
				GCC_OPTIMIZATION_LEVEL = 0;
				GCC_PREPROCESSOR_DEFINITIONS = (
					"DEBUG=1",
					"$(inherited)",
				);
				GCC_WARN_64_TO_32_BIT_CONVERSION = YES;
				GCC_WARN_ABOUT_RETURN_TYPE = YES_ERROR;
				GCC_WARN_UNDECLARED_SELECTOR = YES;
				GCC_WARN_UNINITIALIZED_AUTOS = YES_AGGRESSIVE;
				GCC_WARN_UNUSED_FUNCTION = YES;
				GCC_WARN_UNUSED_VARIABLE = YES;
				IPHONEOS_DEPLOYMENT_TARGET = 12.1;
				MTL_ENABLE_DEBUG_INFO = INCLUDE_SOURCE;
				MTL_FAST_MATH = YES;
				ONLY_ACTIVE_ARCH = YES;
				SDKROOT = iphoneos;
			};
			name = Debug;
		};
		6C4500C821F19DEC0011E7DF /* Release */ = {
			isa = XCBuildConfiguration;
			buildSettings = {
				ALWAYS_SEARCH_USER_PATHS = NO;
				CLANG_ANALYZER_NONNULL = YES;
				CLANG_ANALYZER_NUMBER_OBJECT_CONVERSION = YES_AGGRESSIVE;
				CLANG_CXX_LANGUAGE_STANDARD = "gnu++14";
				CLANG_CXX_LIBRARY = "libc++";
				CLANG_ENABLE_MODULES = YES;
				CLANG_ENABLE_OBJC_ARC = YES;
				CLANG_ENABLE_OBJC_WEAK = YES;
				CLANG_WARN_BLOCK_CAPTURE_AUTORELEASING = YES;
				CLANG_WARN_BOOL_CONVERSION = YES;
				CLANG_WARN_COMMA = YES;
				CLANG_WARN_CONSTANT_CONVERSION = YES;
				CLANG_WARN_DEPRECATED_OBJC_IMPLEMENTATIONS = YES;
				CLANG_WARN_DIRECT_OBJC_ISA_USAGE = YES_ERROR;
				CLANG_WARN_DOCUMENTATION_COMMENTS = YES;
				CLANG_WARN_EMPTY_BODY = YES;
				CLANG_WARN_ENUM_CONVERSION = YES;
				CLANG_WARN_INFINITE_RECURSION = YES;
				CLANG_WARN_INT_CONVERSION = YES;
				CLANG_WARN_NON_LITERAL_NULL_CONVERSION = YES;
				CLANG_WARN_OBJC_IMPLICIT_RETAIN_SELF = YES;
				CLANG_WARN_OBJC_LITERAL_CONVERSION = YES;
				CLANG_WARN_OBJC_ROOT_CLASS = YES_ERROR;
				CLANG_WARN_RANGE_LOOP_ANALYSIS = YES;
				CLANG_WARN_STRICT_PROTOTYPES = YES;
				CLANG_WARN_SUSPICIOUS_MOVE = YES;
				CLANG_WARN_UNGUARDED_AVAILABILITY = YES_AGGRESSIVE;
				CLANG_WARN_UNREACHABLE_CODE = YES;
				CLANG_WARN__DUPLICATE_METHOD_MATCH = YES;
				CODE_SIGN_IDENTITY = "iPhone Developer";
				COPY_PHASE_STRIP = NO;
				DEBUG_INFORMATION_FORMAT = "dwarf-with-dsym";
				ENABLE_NS_ASSERTIONS = NO;
				ENABLE_STRICT_OBJC_MSGSEND = YES;
				GCC_C_LANGUAGE_STANDARD = gnu11;
				GCC_NO_COMMON_BLOCKS = YES;
				GCC_WARN_64_TO_32_BIT_CONVERSION = YES;
				GCC_WARN_ABOUT_RETURN_TYPE = YES_ERROR;
				GCC_WARN_UNDECLARED_SELECTOR = YES;
				GCC_WARN_UNINITIALIZED_AUTOS = YES_AGGRESSIVE;
				GCC_WARN_UNUSED_FUNCTION = YES;
				GCC_WARN_UNUSED_VARIABLE = YES;
				IPHONEOS_DEPLOYMENT_TARGET = 12.1;
				MTL_ENABLE_DEBUG_INFO = NO;
				MTL_FAST_MATH = YES;
				SDKROOT = iphoneos;
				VALIDATE_PRODUCT = YES;
			};
			name = Release;
		};
		6C4500CA21F19DEC0011E7DF /* Debug */ = {
			isa = XCBuildConfiguration;
			buildSettings = {
				ASSETCATALOG_COMPILER_APPICON_NAME = AppIcon;
				CLANG_ENABLE_MODULES = YES;
				CODE_SIGN_STYLE = Manual;
				DEVELOPMENT_TEAM = "";
				INFOPLIST_FILE = ObjectP/Info.plist;
				LD_RUNPATH_SEARCH_PATHS = (
					"$(inherited)",
					"@executable_path/Frameworks",
				);
				PRODUCT_BUNDLE_IDENTIFIER = com.ObjectP;
				PRODUCT_NAME = "$(TARGET_NAME)";
				PROVISIONING_PROFILE_SPECIFIER = "";
				SWIFT_OBJC_BRIDGING_HEADER = "ObjectP/ObjectP-Bridging-Header.h";
				SWIFT_OPTIMIZATION_LEVEL = "-Onone";
				SWIFT_VERSION = 4.2;
				TARGETED_DEVICE_FAMILY = "1,2";
			};
			name = Debug;
		};
		6C4500CB21F19DEC0011E7DF /* Release */ = {
			isa = XCBuildConfiguration;
			buildSettings = {
				ASSETCATALOG_COMPILER_APPICON_NAME = AppIcon;
				CLANG_ENABLE_MODULES = YES;
				CODE_SIGN_STYLE = Manual;
				DEVELOPMENT_TEAM = "";
				INFOPLIST_FILE = ObjectP/Info.plist;
				LD_RUNPATH_SEARCH_PATHS = (
					"$(inherited)",
					"@executable_path/Frameworks",
				);
				PRODUCT_BUNDLE_IDENTIFIER = com.ObjectP;
				PRODUCT_NAME = "$(TARGET_NAME)";
				PROVISIONING_PROFILE_SPECIFIER = "";
				SWIFT_OBJC_BRIDGING_HEADER = "ObjectP/ObjectP-Bridging-Header.h";
				SWIFT_VERSION = 4.2;
				TARGETED_DEVICE_FAMILY = "1,2";
			};
			name = Release;
		};
/* End XCBuildConfiguration section */

/* Begin XCConfigurationList section */
		6C4500AE21F19DEB0011E7DF /* Build configuration list for PBXProject "ObjectP" */ = {
			isa = XCConfigurationList;
			buildConfigurations = (
				6C4500C721F19DEC0011E7DF /* Debug */,
				6C4500C821F19DEC0011E7DF /* Release */,
			);
			defaultConfigurationIsVisible = 0;
			defaultConfigurationName = Release;
		};
		6C4500C921F19DEC0011E7DF /* Build configuration list for PBXNativeTarget "ObjectP" */ = {
			isa = XCConfigurationList;
			buildConfigurations = (
				6C4500CA21F19DEC0011E7DF /* Debug */,
				6C4500CB21F19DEC0011E7DF /* Release */,
			);
			defaultConfigurationIsVisible = 0;
			defaultConfigurationName = Release;
		};
/* End XCConfigurationList section */
	};
	rootObject = 6C4500AB21F19DEB0011E7DF /* Project object */;
}
